<?xml version="1.0" encoding="utf-8"?>
<Project ToolsVersion="4.0" xmlns="http://schemas.microsoft.com/developer/msbuild/2003">
  <ItemGroup>
    <Filter Include="Kernel">
      <UniqueIdentifier>{8c8f0e6a-ef74-4a19-900e-88b243402a5f}</UniqueIdentifier>
    </Filter>
    <Filter Include="Core">
      <UniqueIdentifier>{7f4685d2-8aa2-4c5a-a4b9-748ca325e5be}</UniqueIdentifier>
    </Filter>
    <Filter Include="Emitter">
      <UniqueIdentifier>{dcce2a91-3ffe-4091-9563-a907c39faff6}</UniqueIdentifier>
    </Filter>
    <Filter Include="Source">
      <UniqueIdentifier>{3a0577cd-70ff-468e-9c87-7f70fafeadec}</UniqueIdentifier>
    </Filter>
    <Filter Include="Target">
      <UniqueIdentifier>{3ecb62e8-d732-4de2-b198-799074466b0b}</UniqueIdentifier>
    </Filter>
    <Filter Include="Environment">
      <UniqueIdentifier>{45e28508-fe85-4957-913f-ac50a5ed8316}</UniqueIdentifier>
    </Filter>
    <Filter Include="Misc %28or old%29">
      <UniqueIdentifier>{0b6d95f4-9c27-4fff-82c2-e34bc155ee32}</UniqueIdentifier>
    </Filter>
    <Filter Include="Cache">
      <UniqueIdentifier>{a4d0c3d4-8380-4209-92c5-be8482044fb4}</UniqueIdentifier>
    </Filter>
  </ItemGroup>
  <ItemGroup>
    <ClInclude Include="cl_intersect.h">
      <Filter>Kernel</Filter>
    </ClInclude>
    <ClInclude Include="Sound.h">
      <Filter>Kernel</Filter>
    </ClInclude>
    <ClInclude Include="SoundRender.h">
      <Filter>Kernel</Filter>
    </ClInclude>
    <ClInclude Include="stdafx.h">
      <Filter>Kernel</Filter>
    </ClInclude>
    <ClInclude Include="xrCDB.h">
      <Filter>Kernel</Filter>
    </ClInclude>
    <ClInclude Include="xrLevel.h">
      <Filter>Kernel</Filter>
    </ClInclude>
    <ClInclude Include="SoundRender_Core.h">
      <Filter>Core</Filter>
    </ClInclude>
    <ClInclude Include="SoundRender_CoreA.h">
      <Filter>Core</Filter>
    </ClInclude>
    <ClInclude Include="SoundRender_CoreD.h">
      <Filter>Core</Filter>
    </ClInclude>
    <ClInclude Include="SoundRender_Emitter.h">
      <Filter>Emitter</Filter>
    </ClInclude>
    <ClInclude Include="SoundRender_Source.h">
      <Filter>Source</Filter>
    </ClInclude>
    <ClInclude Include="SoundRender_Target.h">
      <Filter>Target</Filter>
    </ClInclude>
    <ClInclude Include="SoundRender_TargetA.h">
      <Filter>Target</Filter>
    </ClInclude>
    <ClInclude Include="SoundRender_TargetD.h">
      <Filter>Target</Filter>
    </ClInclude>
    <ClInclude Include="SoundRender_Environment.h">
      <Filter>Environment</Filter>
    </ClInclude>
    <ClInclude Include="MusicStream.h">
      <Filter>Misc %28or old%29</Filter>
    </ClInclude>
    <ClInclude Include="xr_cda.h">
      <Filter>Misc %28or old%29</Filter>
    </ClInclude>
    <ClInclude Include="xr_streamsnd.h">
      <Filter>Misc %28or old%29</Filter>
    </ClInclude>
    <ClInclude Include="SoundRender_Cache.h">
      <Filter>Cache</Filter>
    </ClInclude>
  </ItemGroup>
  <ItemGroup>
    <ClCompile Include="guids.cpp">
      <Filter>Kernel</Filter>
    </ClCompile>
    <ClCompile Include="sound.cpp">
      <Filter>Kernel</Filter>
    </ClCompile>
    <ClCompile Include="stdafx.cpp">
      <Filter>Kernel</Filter>
    </ClCompile>
    <ClCompile Include="SoundRender_Core.cpp">
      <Filter>Core</Filter>
    </ClCompile>
    <ClCompile Include="SoundRender_Core_Processor.cpp">
      <Filter>Core</Filter>
    </ClCompile>
    <ClCompile Include="SoundRender_Core_SourceManager.cpp">
      <Filter>Core</Filter>
    </ClCompile>
    <ClCompile Include="SoundRender_Core_StartStop.cpp">
      <Filter>Core</Filter>
    </ClCompile>
    <ClCompile Include="SoundRender_CoreA.cpp">
      <Filter>Core</Filter>
    </ClCompile>
    <ClCompile Include="SoundRender_CoreD.cpp">
      <Filter>Core</Filter>
    </ClCompile>
    <ClCompile Include="SoundRender_Emitter.cpp">
      <Filter>Emitter</Filter>
    </ClCompile>
    <ClCompile Include="SoundRender_Emitter_FSM.cpp">
      <Filter>Emitter</Filter>
    </ClCompile>
    <ClCompile Include="SoundRender_Emitter_StartStop.cpp">
      <Filter>Emitter</Filter>
    </ClCompile>
    <ClCompile Include="SoundRender_Emitter_streamer.cpp">
      <Filter>Emitter</Filter>
    </ClCompile>
    <ClCompile Include="SoundRender_Source.cpp">
      <Filter>Source</Filter>
    </ClCompile>
    <ClCompile Include="SoundRender_Source_loader.cpp">
      <Filter>Source</Filter>
    </ClCompile>
    <ClCompile Include="SoundRender_Target.cpp">
      <Filter>Target</Filter>
    </ClCompile>
    <ClCompile Include="SoundRender_TargetA.cpp">
      <Filter>Target</Filter>
    </ClCompile>
    <ClCompile Include="SoundRender_TargetD.cpp">
      <Filter>Target</Filter>
    </ClCompile>
    <ClCompile Include="SoundRender_Environment.cpp">
      <Filter>Environment</Filter>
    </ClCompile>
    <ClCompile Include="MusicStream.cpp">
      <Filter>Misc %28or old%29</Filter>
    </ClCompile>
    <ClCompile Include="xr_cda.cpp">
      <Filter>Misc %28or old%29</Filter>
    </ClCompile>
    <ClCompile Include="xr_streamsnd.cpp">
      <Filter>Misc %28or old%29</Filter>
    </ClCompile>
    <ClCompile Include="SoundRender_Cache.cpp">
      <Filter>Cache</Filter>
    </ClCompile>
  </ItemGroup>
</Project>